
Microsoft Visual Studio Solution File, Format Version 12.00
# Visual Studio Version 17
VisualStudioVersion = 17.5.33424.131
MinimumVisualStudioVersion = 10.0.40219.1
Project("{2150E333-8FDC-42A3-9474-1A3956D46DE8}") = "01 - Class x Object", "01 - Class x Object", "{87A62D7A-DAD0-4501-9C98-65C4AD39C744}"
EndProject
Project("{9A19103F-16F7-4668-BE54-9A1E7A4F7556}") = "Example.Study.OOP.Classe", "Example.Study.OOP.Classe\Example.Study.OOP.Classe.csproj", "{7D04BE70-5BA5-485F-BB6E-8607E9E7FE4C}"
EndProject
Project("{9A19103F-16F7-4668-BE54-9A1E7A4F7556}") = "Example.Study.OOP.Objeto", "Example.Study.OOP.Objeto\Example.Study.OOP.Objeto.csproj", "{B3A63D5A-9B24-470C-A67C-6259B239D3D0}"
EndProject
Project("{2150E333-8FDC-42A3-9474-1A3956D46DE8}") = "02 - Herança", "02 - Herança", "{893CB104-1011-44AB-9FED-AC45EF1D83CB}"
EndProject
Project("{FAE04EC0-301F-11D3-BF4B-00C04F79EFBC}") = "Example.Study.OOP.Heranca", "Example.Study.OOP.Heranca\Example.Study.OOP.Heranca.csproj", "{07CE49E5-D0AC-45F5-8470-A341ECE1318B}"
EndProject
Global
	GlobalSection(SolutionConfigurationPlatforms) = preSolution
		Debug|Any CPU = Debug|Any CPU
		Release|Any CPU = Release|Any CPU
	EndGlobalSection
	GlobalSection(ProjectConfigurationPlatforms) = postSolution
		{7D04BE70-5BA5-485F-BB6E-8607E9E7FE4C}.Debug|Any CPU.ActiveCfg = Debug|Any CPU
		{7D04BE70-5BA5-485F-BB6E-8607E9E7FE4C}.Debug|Any CPU.Build.0 = Debug|Any CPU
		{7D04BE70-5BA5-485F-BB6E-8607E9E7FE4C}.Release|Any CPU.ActiveCfg = Release|Any CPU
		{7D04BE70-5BA5-485F-BB6E-8607E9E7FE4C}.Release|Any CPU.Build.0 = Release|Any CPU
		{B3A63D5A-9B24-470C-A67C-6259B239D3D0}.Debug|Any CPU.ActiveCfg = Debug|Any CPU
		{B3A63D5A-9B24-470C-A67C-6259B239D3D0}.Debug|Any CPU.Build.0 = Debug|Any CPU
		{B3A63D5A-9B24-470C-A67C-6259B239D3D0}.Release|Any CPU.ActiveCfg = Release|Any CPU
		{B3A63D5A-9B24-470C-A67C-6259B239D3D0}.Release|Any CPU.Build.0 = Release|Any CPU
		{07CE49E5-D0AC-45F5-8470-A341ECE1318B}.Debug|Any CPU.ActiveCfg = Debug|Any CPU
		{07CE49E5-D0AC-45F5-8470-A341ECE1318B}.Debug|Any CPU.Build.0 = Debug|Any CPU
		{07CE49E5-D0AC-45F5-8470-A341ECE1318B}.Release|Any CPU.ActiveCfg = Release|Any CPU
		{07CE49E5-D0AC-45F5-8470-A341ECE1318B}.Release|Any CPU.Build.0 = Release|Any CPU
	EndGlobalSection
	GlobalSection(SolutionProperties) = preSolution
		HideSolutionNode = FALSE
	EndGlobalSection
	GlobalSection(NestedProjects) = preSolution
		{7D04BE70-5BA5-485F-BB6E-8607E9E7FE4C} = {87A62D7A-DAD0-4501-9C98-65C4AD39C744}
		{B3A63D5A-9B24-470C-A67C-6259B239D3D0} = {87A62D7A-DAD0-4501-9C98-65C4AD39C744}
		{07CE49E5-D0AC-45F5-8470-A341ECE1318B} = {893CB104-1011-44AB-9FED-AC45EF1D83CB}
	EndGlobalSection
	GlobalSection(ExtensibilityGlobals) = postSolution
		SolutionGuid = {421DEE10-44B9-4EF0-8012-393CA8AADDD1}
	EndGlobalSection
EndGlobal
